
Microsoft Visual Studio Solution File, Format Version 12.00
# Visual Studio Version 17
VisualStudioVersion = 17.9.34728.123
MinimumVisualStudioVersion = 10.0.40219.1
Project("{FAE04EC0-301F-11D3-BF4B-00C04F79EFBC}") = "ContactAPi", "ContactAPi.csproj", "{6C1EF939-E5FE-4FAF-98CE-9D78A59DFED1}"
EndProject
Project("{FAE04EC0-301F-11D3-BF4B-00C04F79EFBC}") = "ContactAPIBusinessLayer", "..\ContactAPIBusinessLayer\ContactAPIBusinessLayer.csproj", "{EF86425B-C933-4C4F-8A49-DB182160391C}"
EndProject
Project("{FAE04EC0-301F-11D3-BF4B-00C04F79EFBC}") = "ContactDataAccessLayer", "..\ContactDataAccessLayer\ContactDataAccessLayer.csproj", "{EC579A4C-2A69-4E4A-BBDF-62458E6FB35F}"
EndProject
Global
	GlobalSection(SolutionConfigurationPlatforms) = preSolution
		Debug|Any CPU = Debug|Any CPU
		Release|Any CPU = Release|Any CPU
	EndGlobalSection
	GlobalSection(ProjectConfigurationPlatforms) = postSolution
		{6C1EF939-E5FE-4FAF-98CE-9D78A59DFED1}.Debug|Any CPU.ActiveCfg = Debug|Any CPU
		{6C1EF939-E5FE-4FAF-98CE-9D78A59DFED1}.Debug|Any CPU.Build.0 = Debug|Any CPU
		{6C1EF939-E5FE-4FAF-98CE-9D78A59DFED1}.Release|Any CPU.ActiveCfg = Release|Any CPU
		{6C1EF939-E5FE-4FAF-98CE-9D78A59DFED1}.Release|Any CPU.Build.0 = Release|Any CPU
		{EF86425B-C933-4C4F-8A49-DB182160391C}.Debug|Any CPU.ActiveCfg = Debug|Any CPU
		{EF86425B-C933-4C4F-8A49-DB182160391C}.Debug|Any CPU.Build.0 = Debug|Any CPU
		{EF86425B-C933-4C4F-8A49-DB182160391C}.Release|Any CPU.ActiveCfg = Release|Any CPU
		{EF86425B-C933-4C4F-8A49-DB182160391C}.Release|Any CPU.Build.0 = Release|Any CPU
		{EC579A4C-2A69-4E4A-BBDF-62458E6FB35F}.Debug|Any CPU.ActiveCfg = Debug|Any CPU
		{EC579A4C-2A69-4E4A-BBDF-62458E6FB35F}.Debug|Any CPU.Build.0 = Debug|Any CPU
		{EC579A4C-2A69-4E4A-BBDF-62458E6FB35F}.Release|Any CPU.ActiveCfg = Release|Any CPU
		{EC579A4C-2A69-4E4A-BBDF-62458E6FB35F}.Release|Any CPU.Build.0 = Release|Any CPU
	EndGlobalSection
	GlobalSection(SolutionProperties) = preSolution
		HideSolutionNode = FALSE
	EndGlobalSection
	GlobalSection(ExtensibilityGlobals) = postSolution
		SolutionGuid = {2D349BE0-DCEF-4640-91CB-EC1A9DAD88B2}
	EndGlobalSection
EndGlobal
